
Microsoft Visual Studio Solution File, Format Version 12.00
# Visual Studio Version 16
VisualStudioVersion = 16.0.30517.126
MinimumVisualStudioVersion = 10.0.40219.1
Project("{FAE04EC0-301F-11D3-BF4B-00C04F79EFBC}") = "Fitness.BL", "Fitness.BL\Fitness.BL.csproj", "{C65F8587-F68A-4A97-B504-DE041668B384}"
EndProject
Project("{FAE04EC0-301F-11D3-BF4B-00C04F79EFBC}") = "Fitness.CMD", "Fitness.CMD\Fitness.CMD.csproj", "{1B496213-44BD-4101-980C-8CB80E7AAB3A}"
EndProject
Global
	GlobalSection(SolutionConfigurationPlatforms) = preSolution
		Debug|Any CPU = Debug|Any CPU
		Release|Any CPU = Release|Any CPU
	EndGlobalSection
	GlobalSection(ProjectConfigurationPlatforms) = postSolution
		{C65F8587-F68A-4A97-B504-DE041668B384}.Debug|Any CPU.ActiveCfg = Debug|Any CPU
		{C65F8587-F68A-4A97-B504-DE041668B384}.Debug|Any CPU.Build.0 = Debug|Any CPU
		{C65F8587-F68A-4A97-B504-DE041668B384}.Release|Any CPU.ActiveCfg = Release|Any CPU
		{C65F8587-F68A-4A97-B504-DE041668B384}.Release|Any CPU.Build.0 = Release|Any CPU
		{1B496213-44BD-4101-980C-8CB80E7AAB3A}.Debug|Any CPU.ActiveCfg = Debug|Any CPU
		{1B496213-44BD-4101-980C-8CB80E7AAB3A}.Debug|Any CPU.Build.0 = Debug|Any CPU
		{1B496213-44BD-4101-980C-8CB80E7AAB3A}.Release|Any CPU.ActiveCfg = Release|Any CPU
		{1B496213-44BD-4101-980C-8CB80E7AAB3A}.Release|Any CPU.Build.0 = Release|Any CPU
	EndGlobalSection
	GlobalSection(SolutionProperties) = preSolution
		HideSolutionNode = FALSE
	EndGlobalSection
	GlobalSection(ExtensibilityGlobals) = postSolution
		SolutionGuid = {FC4919DA-9CB8-4787-A8CE-24D35B64C7D2}
	EndGlobalSection
EndGlobal
